lockfileVersion: '9.0'

settings:
  autoInstallPeers: true
  excludeLinksFromLockfile: false

importers:

  .:
    dependencies:
      '@supabase/supabase-js':
        specifier: ^2.99.2
        version: 2.101.1
      next:
        specifier: ^13.5.0
        version: 13.5.11(react-dom@18.3.1(react@18.3.1))(react@18.3.1)
      react:
        specifier: ^18.2.0
        version: 18.3.1
      react-dom:
        specifier: ^18.2.0
        version: 18.3.1(react@18.3.1)
    devDependencies:
      '@types/react':
        specifier: ^19.2.14
        version: 19.2.14
      '@types/react-dom':
        specifier: ^19.2.3
        version: 19.2.3(@types/react@19.2.14)
      supabase:
        specifier: ^2.83.0
        version: 2.84.5

packages:

  '@isaacs/fs-minipass@4.0.1':
    resolution: {integrity: sha512-wgm9Ehl2jpeqP3zw/7mo3kRHFp5MEDhqAdwy1fTGkHAwnkGOVsgpvQhL8B5n1qlb01jV3n/bI0ZfZp5lWA1k4w==}
    engines: {node: '>=18.0.0'}

  '@next/env@13.5.11':
    resolution: {integrity: sha512-fbb2C7HChgM7CemdCY+y3N1n8pcTKdqtQLbC7/EQtPdLvlMUT9JX/dBYl8MMZAtYG4uVMyPFHXckb68q/NRwqg==}

  '@next/swc-darwin-arm64@13.5.9':
    resolution: {integrity: sha512-pVyd8/1y1l5atQRvOaLOvfbmRwefxLhqQOzYo/M7FQ5eaRwA1+wuCn7t39VwEgDd7Aw1+AIWwd+MURXUeXhwDw==}
    engines: {node: '>= 10'}
    cpu: [arm64]
    os: [darwin]

  '@next/swc-darwin-x64@13.5.9':
    resolution: {integrity: sha512-DwdeJqP7v8wmoyTWPbPVodTwCybBZa02xjSJ6YQFIFZFZ7dFgrieKW4Eo0GoIcOJq5+JxkQyejmI+8zwDp3pwA==}
    engines: {node: '>= 10'}
    cpu: [x64]
    os: [darwin]

  '@next/swc-linux-arm64-gnu@13.5.9':
    resolution: {integrity: sha512-wdQsKsIsGSNdFojvjW3Ozrh8Q00+GqL3wTaMjDkQxVtRbAqfFBtrLPO0IuWChVUP2UeuQcHpVeUvu0YgOP00+g==}
    engines: {node: '>= 10'}
    cpu: [arm64]
    os: [linux]
    libc: [glibc]

  '@next/swc-linux-arm64-musl@13.5.9':
    resolution: {integrity: sha512-6VpS+bodQqzOeCwGxoimlRoosiWlSc0C224I7SQWJZoyJuT1ChNCo+45QQH+/GtbR/s7nhaUqmiHdzZC9TXnXA==}
    engines: {node: '>= 10'}
    cpu: [arm64]
    os: [linux]
    libc: [musl]

  '@next/swc-linux-x64-gnu@13.5.9':
    resolution: {integrity: sha512-XxG3yj61WDd28NA8gFASIR+2viQaYZEFQagEodhI/R49gXWnYhiflTeeEmCn7Vgnxa/OfK81h1gvhUZ66lozpw==}
    engines: {node: '>= 10'}
    cpu: [x64]
    os: [linux]
    libc: [glibc]

  '@next/swc-linux-x64-musl@13.5.9':
    resolution: {integrity: sha512-/dnscWqfO3+U8asd+Fc6dwL2l9AZDl7eKtPNKW8mKLh4Y4wOpjJiamhe8Dx+D+Oq0GYVjuW0WwjIxYWVozt2bA==}
    engines: {node: '>= 10'}
    cpu: [x64]
    os: [linux]
    libc: [musl]

  '@next/swc-win32-arm64-msvc@13.5.9':
    resolution: {integrity: sha512-T/iPnyurOK5a4HRUcxAlss8uzoEf5h9tkd+W2dSWAfzxv8WLKlUgbfk+DH43JY3Gc2xK5URLuXrxDZ2mGfk/jw==}
    engines: {node: '>= 10'}
    cpu: [arm64]
    os: [win32]

  '@next/swc-win32-ia32-msvc@13.5.9':
    resolution: {integrity: sha512-BLiPKJomaPrTAb7ykjA0LPcuuNMLDVK177Z1xe0nAem33+9FIayU4k/OWrtSn9SAJW/U60+1hoey5z+KCHdRLQ==}
    engines: {node: '>= 10'}
    cpu: [ia32]
    os: [win32]

  '@next/swc-win32-x64-msvc@13.5.9':
    resolution: {integrity: sha512-/72/dZfjXXNY/u+n8gqZDjI6rxKMpYsgBBYNZKWOQw0BpBF7WCnPflRy3ZtvQ2+IYI3ZH2bPyj7K+6a6wNk90Q==}
    engines: {node: '>= 10'}
    cpu: [x64]
    os: [win32]

  '@supabase/auth-js@2.101.1':
    resolution: {integrity: sha512-Kd0Wey+RkFHgyVep7adS6UOE2pN6MJ3mZ32PAXSvfw6IjUkFRC7IQpdZZjUOcUe5pXr1ejufCRgF6lsGINe4Tw==}
    engines: {node: '>=20.0.0'}

  '@supabase/functions-js@2.101.1':
    resolution: {integrity: sha512-OZWU7YtaG+NNNFZK8p/FuJ6gpq7pFyrG2fLOopP73HAIDHDGpOttPJapvO8ADu3RkqfQfkwrB354vPkSBbZ20A==}
    engines: {node: '>=20.0.0'}

  '@supabase/phoenix@0.4.0':
    resolution: {integrity: sha512-RHSx8bHS02xwfHdAbX5Lpbo6PXbgyf7lTaXTlwtFDPwOIw64NnVRwFAXGojHhjtVYI+PEPNSWwkL90f4agN3bw==}

  '@supabase/postgrest-js@2.101.1':
    resolution: {integrity: sha512-UW1RajH5jbZoK+ldAJ1I6VZ+HWwZ2oaKjEQ6Gn+AQ67CHQVxGl8wNQoLYyumbyaExm41I+wn7arulcY1eHeZJw==}
    engines: {node: '>=20.0.0'}

  '@supabase/realtime-js@2.101.1':
    resolution: {integrity: sha512-Oa6dno0OB9I+hv5do5zsZHbFu41ViZnE9IWjmkeeF/8fPmB5fWoHGqeTYEC3/0DAgtpUoFJa4FpvzFH0SBHo1Q==}
    engines: {node: '>=20.0.0'}

  '@supabase/storage-js@2.101.1':
    resolution: {integrity: sha512-WhTaUOBgeEvnKLy95Cdlp6+D5igSF/65yC727w1olxbet5nzUvMlajKUWyzNtQu2efrz2cQ7FcdVBdQqgT9YKQ==}
    engines: {node: '>=20.0.0'}

  '@supabase/supabase-js@2.101.1':
    resolution: {integrity: sha512-Jnhm3LfuACwjIzvk2pfUbGQn7pa7hi6MFzfSyPrRYWVCCu69RPLCFyHSBl7HSBwadbQ3UZOznnD3gPca3ePrRA==}
    engines: {node: '>=20.0.0'}

  '@swc/helpers@0.5.2':
    resolution: {integrity: sha512-E4KcWTpoLHqwPHLxidpOqQbcrZVgi0rsmmZXUle1jXmJfuIf/UWpczUJ7MZZ5tlxytgJXyp0w4PGkkeLiuIdZw==}

  '@types/node@25.5.0':
    resolution: {integrity: sha512-jp2P3tQMSxWugkCUKLRPVUpGaL5MVFwF8RDuSRztfwgN1wmqJeMSbKlnEtQqU8UrhTmzEmZdu2I6v2dpp7XIxw==}

  '@types/react-dom@19.2.3':
    resolution: {integrity: sha512-jp2L/eY6fn+KgVVQAOqYItbF0VY/YApe5Mz2F0aykSO8gx31bYCZyvSeYxCHKvzHG5eZjc+zyaS5BrBWya2+kQ==}
    peerDependencies:
      '@types/react': ^19.2.0

  '@types/react@19.2.14':
    resolution: {integrity: sha512-ilcTH/UniCkMdtexkoCN0bI7pMcJDvmQFPvuPvmEaYA/NSfFTAgdUSLAoVjaRJm7+6PvcM+q1zYOwS4wTYMF9w==}

  '@types/ws@8.18.1':
    resolution: {integrity: sha512-ThVF6DCVhA8kUGy+aazFQ4kXQ7E1Ty7A3ypFOe0IcJV8O/M511G99AW24irKrW56Wt44yG9+ij8FaqoBGkuBXg==}

  agent-base@8.0.0:
    resolution: {integrity: sha512-QT8i0hCz6C/KQ+KTAbSNwCHDGdmUJl2tp2ZpNlGSWCfhUNVbYG2WLE3MdZGBAgXPV4GAvjGMxo+C1hroyxmZEg==}
    engines: {node: '>= 14'}

  bin-links@6.0.0:
    resolution: {integrity: sha512-X4CiKlcV2GjnCMwnKAfbVWpHa++65th9TuzAEYtZoATiOE2DQKhSp4CJlyLoTqdhBKlXjpXjCTYPNNFS33Fi6w==}
    engines: {node: ^20.17.0 || >=22.9.0}

  busboy@1.6.0:
    resolution: {integrity: sha512-8SFQbg/0hQ9xy3UNTB0YEnsNBbWfhf7RtnzpL7TkBiTBRfrQ9Fxcnz7VJsleJpyp6rVLvXiuORqjlHi5q+PYuA==}
    engines: {node: '>=10.16.0'}

  caniuse-lite@1.0.30001782:
    resolution: {integrity: sha512-dZcaJLJeDMh4rELYFw1tvSn1bhZWYFOt468FcbHHxx/Z/dFidd1I6ciyFdi3iwfQCyOjqo9upF6lGQYtMiJWxw==}

  chownr@3.0.0:
    resolution: {integrity: sha512-+IxzY9BZOQd/XuYPRmrvEVjF/nqj5kgT4kEq7VofrDoM1MxoRjEWkrCC3EtLi59TVawxTAn+orJwFQcrqEN1+g==}
    engines: {node: '>=18'}

  client-only@0.0.1:
    resolution: {integrity: sha512-IV3Ou0jSMzZrd3pZ48nLkT9DA7Ag1pnPzaiQhpW7c3RbcqqzvzzVu+L8gfqMp/8IM2MQtSiqaCxrrcfu8I8rMA==}

  cmd-shim@8.0.0:
    resolution: {integrity: sha512-Jk/BK6NCapZ58BKUxlSI+ouKRbjH1NLZCgJkYoab+vEHUY3f6OzpNBN9u7HFSv9J6TRDGs4PLOHezoKGaFRSCA==}
    engines: {node: ^20.17.0 || >=22.9.0}

  csstype@3.2.3:
    resolution: {integrity: sha512-z1HGKcYy2xA8AGQfwrn0PAy+PB7X/GSj3UVJW9qKyn43xWa+gl5nXmU4qqLMRzWVLFC8KusUX8T/0kCiOYpAIQ==}

  data-uri-to-buffer@4.0.1:
    resolution: {integrity: sha512-0R9ikRb668HB7QDxT1vkpuUBtqc53YyAwMwGeUFKRojY/NWKvdZ+9UYtRfGmhqNbRkTSVpMbmyhXipFFv2cb/A==}
    engines: {node: '>= 12'}

  debug@4.4.3:
    resolution: {integrity: sha512-RGwwWnwQvkVfavKVt22FGLw+xYSdzARwm0ru6DhTVA3umU5hZc28V3kO4stgYryrTlLpuvgI9GiijltAjNbcqA==}
    engines: {node: '>=6.0'}
    peerDependencies:
      supports-color: '*'
    peerDependenciesMeta:
      supports-color:
        optional: true

  fetch-blob@3.2.0:
    resolution: {integrity: sha512-7yAQpD2UMJzLi1Dqv7qFYnPbaPx7ZfFK6PiIxQ4PfkGPyNyl2Ugx+a/umUonmKqjhM4DnfbMvdX6otXq83soQQ==}
    engines: {node: ^12.20 || >= 14.13}

  formdata-polyfill@4.0.10:
    resolution: {integrity: sha512-buewHzMvYL29jdeQTVILecSaZKnt/RJWjoZCF5OW60Z67/GmSLBkOFM7qh1PI3zFNtJbaZL5eQu1vLfazOwj4g==}
    engines: {node: '>=12.20.0'}

  glob-to-regexp@0.4.1:
    resolution: {integrity: sha512-lkX1HJXwyMcprw/5YUZc2s7DrpAiHB21/V+E1rHUrVNokkvB6bqMzT0VfV6/86ZNabt1k14YOIaT7nDvOX3Iiw==}

  graceful-fs@4.2.11:
    resolution: {integrity: sha512-RbJ5/jmFcNNCcDV5o9eTnBLJ/HszWV0P73bc+Ff4nS/rJj+YaS6IGyiOL0VoBYX+l1Wrl3k63h/KrH+nhJ0XvQ==}

  https-proxy-agent@8.0.0:
    resolution: {integrity: sha512-YYeW+iCnAS3xhvj2dvVoWgsbca3RfQy/IlaNHHOtDmU0jMqPI9euIq3Y9BJETdxk16h9NHHCKqp/KB9nIMStCQ==}
    engines: {node: '>= 14'}

  iceberg-js@0.8.1:
    resolution: {integrity: sha512-1dhVQZXhcHje7798IVM+xoo/1ZdVfzOMIc8/rgVSijRK38EDqOJoGula9N/8ZI5RD8QTxNQtK/Gozpr+qUqRRA==}
    engines: {node: '>=20.0.0'}

  js-tokens@4.0.0:
    resolution: {integrity: sha512-RdJUflcE3cUzKiMqQgsCu06FPu9UdIJO0beYbPhHN4k6apgJtifcoCtT9bcxOpYBtpD2kCM6Sbzg4CausW/PKQ==}

  loose-envify@1.4.0:
    resolution: {integrity: sha512-lyuxPGr/Wfhrlem2CL/UcnUc1zcqKAImBDzukY7Y5F/yQiNdko6+fRLevlw1HgMySw7f611UIY408EtxRSoK3Q==}
    hasBin: true

  minipass@7.1.3:
    resolution: {integrity: sha512-tEBHqDnIoM/1rXME1zgka9g6Q2lcoCkxHLuc7ODJ5BxbP5d4c2Z5cGgtXAku59200Cx7diuHTOYfSBD8n6mm8A==}
    engines: {node: '>=16 || 14 >=14.17'}

  minizlib@3.1.0:
    resolution: {integrity: sha512-KZxYo1BUkWD2TVFLr0MQoM8vUUigWD3LlD83a/75BqC+4qE0Hb1Vo5v1FgcfaNXvfXzr+5EhQ6ing/CaBijTlw==}
    engines: {node: '>= 18'}

  ms@2.1.3:
    resolution: {integrity: sha512-6FlzubTLZG3J2a/NVCAleEhjzq5oxgHyaCU9yYXvcLsvoVaHJq/s5xXI6/XXP6tz7R9xAOtHnSO/tXtF3WRTlA==}

  nanoid@3.3.11:
    resolution: {integrity: sha512-N8SpfPUnUp1bK+PMYW8qSWdl9U+wwNWI4QKxOYDy9JAro3WMX7p2OeVRF9v+347pnakNevPmiHhNmZ2HbFA76w==}
    engines: {node: ^10 || ^12 || ^13.7 || ^14 || >=15.0.1}
    hasBin: true

  next@13.5.11:
    resolution: {integrity: sha512-WUPJ6WbAX9tdC86kGTu92qkrRdgRqVrY++nwM+shmWQwmyxt4zhZfR59moXSI4N8GDYCBY3lIAqhzjDd4rTC8Q==}
    engines: {node: '>=16.14.0'}
    hasBin: true
    peerDependencies:
      '@opentelemetry/api': ^1.1.0
      react: ^18.2.0
      react-dom: ^18.2.0
      sass: ^1.3.0
    peerDependenciesMeta:
      '@opentelemetry/api':
        optional: true
      sass:
        optional: true

  node-domexception@1.0.0:
    resolution: {integrity: sha512-/jKZoMpw0F8GRwl4/eLROPA3cfcXtLApP0QzLmUT/HuPCZWyB7IY9ZrMeKw2O/nFIqPQB3PVM9aYm0F312AXDQ==}
    engines: {node: '>=10.5.0'}
    deprecated: Use your platform's native DOMException instead

  node-fetch@3.3.2:
    resolution: {integrity: sha512-dRB78srN/l6gqWulah9SrxeYnxeddIG30+GOqK/9OlLVyLg3HPnr6SqOWTWOXKRwC2eGYCkZ59NNuSgvSrpgOA==}
    engines: {node: ^12.20.0 || ^14.13.1 || >=16.0.0}

  npm-normalize-package-bin@5.0.0:
    resolution: {integrity: sha512-CJi3OS4JLsNMmr2u07OJlhcrPxCeOeP/4xq67aWNai6TNWWbTrlNDgl8NcFKVlcBKp18GPj+EzbNIgrBfZhsag==}
    engines: {node: ^20.17.0 || >=22.9.0}

  picocolors@1.1.1:
    resolution: {integrity: sha512-xceH2snhtb5M9liqDsmEw56le376mTZkEX/jEb/RxNFyegNul7eNslCXP9FDj/Lcu0X8KEyMceP2ntpaHrDEVA==}

  postcss@8.4.31:
    resolution: {integrity: sha512-PS08Iboia9mts/2ygV3eLpY5ghnUcfLV/EXTOW1E2qYxJKGGBUtNjN76FYHnMs36RmARn41bC0AZmn+rR0OVpQ==}
    engines: {node: ^10 || ^12 || >=14}

  proc-log@6.1.0:
    resolution: {integrity: sha512-iG+GYldRf2BQ0UDUAd6JQ/RwzaQy6mXmsk/IzlYyal4A4SNFw54MeH4/tLkF4I5WoWG9SQwuqWzS99jaFQHBuQ==}
    engines: {node: ^20.17.0 || >=22.9.0}

  react-dom@18.3.1:
    resolution: {integrity: sha512-5m4nQKp+rZRb09LNH59GM4BxTh9251/ylbKIbpe7TpGxfJ+9kv6BLkLBXIjjspbgbnIBNqlI23tRnTWT0snUIw==}
    peerDependencies:
      react: ^18.3.1

  react@18.3.1:
    resolution: {integrity: sha512-wS+hAgJShR0KhEvPJArfuPVN1+Hz1t0Y6n5jLrGQbkb4urgPE/0Rve+1kMB1v/oWgHgm4WIcV+i7F2pTVj+2iQ==}
    engines: {node: '>=0.10.0'}

  read-cmd-shim@6.0.0:
    resolution: {integrity: sha512-1zM5HuOfagXCBWMN83fuFI/x+T/UhZ7k+KIzhrHXcQoeX5+7gmaDYjELQHmmzIodumBHeByBJT4QYS7ufAgs7A==}
    engines: {node: ^20.17.0 || >=22.9.0}

  scheduler@0.23.2:
    resolution: {integrity: sha512-UOShsPwz7NrMUqhR6t0hWjFduvOzbtv7toDH1/hIrfRNIDBnnBWd0CwJTGvTpngVlmwGCdP9/Zl/tVrDqcuYzQ==}

  signal-exit@4.1.0:
    resolution: {integrity: sha512-bzyZ1e88w9O1iNJbKnOlvYTrWPDl46O1bG0D3XInv+9tkPrxrN8jUUTiFlDkkmKWgn1M6CfIA13SuGqOa9Korw==}
    engines: {node: '>=14'}

  source-map-js@1.2.1:
    resolution: {integrity: sha512-UXWMKhLOwVKb728IUtQPXxfYU+usdybtUrK/8uGE8CQMvrhOpwvzDBwj0QhSL7MQc7vIsISBG8VQ8+IDQxpfQA==}
    engines: {node: '>=0.10.0'}

  streamsearch@1.1.0:
    resolution: {integrity: sha512-Mcc5wHehp9aXz1ax6bZUyY5afg9u2rv5cqQI3mRrYkGC8rW2hM02jWuwjtL++LS5qinSyhj2QfLyNsuc+VsExg==}
    engines: {node: '>=10.0.0'}

  styled-jsx@5.1.1:
    resolution: {integrity: sha512-pW7uC1l4mBZ8ugbiZrcIsiIvVx1UmTfw7UkC3Um2tmfUq9Bhk8IiyEIPl6F8agHgjzku6j0xQEZbfA5uSgSaCw==}
    engines: {node: '>= 12.0.0'}
    peerDependencies:
      '@babel/core': '*'
      babel-plugin-macros: '*'
      react: '>= 16.8.0 || 17.x.x || ^18.0.0-0'
    peerDependenciesMeta:
      '@babel/core':
        optional: true
      babel-plugin-macros:
        optional: true

  supabase@2.84.5:
    resolution: {integrity: sha512-quguD5MJVcbbMie35d++BaV3ejXyTTZQIz3zH/z485bLxcEl+wC1EttGboq9Snukzv6sDoQkshXYga+6K4SQwA==}
    engines: {npm: '>=8'}
    hasBin: true

  tar@7.5.13:
    resolution: {integrity: sha512-tOG/7GyXpFevhXVh8jOPJrmtRpOTsYqUIkVdVooZYJS/z8WhfQUX8RJILmeuJNinGAMSu1veBr4asSHFt5/hng==}
    engines: {node: '>=18'}

  tslib@2.8.1:
    resolution: {integrity: sha512-oJFu94HQb+KVduSUQL7wnpmqnfmLsOA/nAh6b6EH0wCEoK0/mPeXU6c3wKDV83MkOuHPRHtSXKKU99IBazS/2w==}

  undici-types@7.18.2:
    resolution: {integrity: sha512-AsuCzffGHJybSaRrmr5eHr81mwJU3kjw6M+uprWvCXiNeN9SOGwQ3Jn8jb8m3Z6izVgknn1R0FTCEAP2QrLY/w==}

  watchpack@2.4.0:
    resolution: {integrity: sha512-Lcvm7MGST/4fup+ifyKi2hjyIAwcdI4HRgtvTpIUxBRhB+RFtUh8XtDOxUfctVCnhVi+QQj49i91OyvzkJl6cg==}
    engines: {node: '>=10.13.0'}

  web-streams-polyfill@3.3.3:
    resolution: {integrity: sha512-d2JWLCivmZYTSIoge9MsgFCZrt571BikcWGYkjC1khllbTeDlGqZ2D8vD8E/lJa8WGWbb7Plm8/XJYV7IJHZZw==}
    engines: {node: '>= 8'}

  write-file-atomic@7.0.1:
    resolution: {integrity: sha512-OTIk8iR8/aCRWBqvxrzxR0hgxWpnYBblY1S5hDWBQfk/VFmJwzmJgQFN3WsoUKHISv2eAwe+PpbUzyL1CKTLXg==}
    engines: {node: ^20.17.0 || >=22.9.0}

  ws@8.20.0:
    resolution: {integrity: sha512-sAt8BhgNbzCtgGbt2OxmpuryO63ZoDk/sqaB/znQm94T4fCEsy/yV+7CdC1kJhOU9lboAEU7R3kquuycDoibVA==}
    engines: {node: '>=10.0.0'}
    peerDependencies:
      bufferutil: ^4.0.1
      utf-8-validate: '>=5.0.2'
    peerDependenciesMeta:
      bufferutil:
        optional: true
      utf-8-validate:
        optional: true

  yallist@5.0.0:
    resolution: {integrity: sha512-YgvUTfwqyc7UXVMrB+SImsVYSmTS8X/tSrtdNZMImM+n7+QTriRXyXim0mBrTXNeqzVF0KWGgHPeiyViFFrNDw==}
    engines: {node: '>=18'}

snapshots:

  '@isaacs/fs-minipass@4.0.1':
    dependencies:
      minipass: 7.1.3

  '@next/env@13.5.11': {}

  '@next/swc-darwin-arm64@13.5.9':
    optional: true

  '@next/swc-darwin-x64@13.5.9':
    optional: true

  '@next/swc-linux-arm64-gnu@13.5.9':
    optional: true

  '@next/swc-linux-arm64-musl@13.5.9':
    optional: true

  '@next/swc-linux-x64-gnu@13.5.9':
    optional: true

  '@next/swc-linux-x64-musl@13.5.9':
    optional: true

  '@next/swc-win32-arm64-msvc@13.5.9':
    optional: true

  '@next/swc-win32-ia32-msvc@13.5.9':
    optional: true

  '@next/swc-win32-x64-msvc@13.5.9':
    optional: true

  '@supabase/auth-js@2.101.1':
    dependencies:
      tslib: 2.8.1

  '@supabase/functions-js@2.101.1':
    dependencies:
      tslib: 2.8.1

  '@supabase/phoenix@0.4.0': {}

  '@supabase/postgrest-js@2.101.1':
    dependencies:
      tslib: 2.8.1

  '@supabase/realtime-js@2.101.1':
    dependencies:
      '@supabase/phoenix': 0.4.0
      '@types/ws': 8.18.1
      tslib: 2.8.1
      ws: 8.20.0
    transitivePeerDependencies:
      - bufferutil
      - utf-8-validate

  '@supabase/storage-js@2.101.1':
    dependencies:
      iceberg-js: 0.8.1
      tslib: 2.8.1

  '@supabase/supabase-js@2.101.1':
    dependencies:
      '@supabase/auth-js': 2.101.1
      '@supabase/functions-js': 2.101.1
      '@supabase/postgrest-js': 2.101.1
      '@supabase/realtime-js': 2.101.1
      '@supabase/storage-js': 2.101.1
    transitivePeerDependencies:
      - bufferutil
      - utf-8-validate

  '@swc/helpers@0.5.2':
    dependencies:
      tslib: 2.8.1

  '@types/node@25.5.0':
    dependencies:
      undici-types: 7.18.2

  '@types/react-dom@19.2.3(@types/react@19.2.14)':
    dependencies:
      '@types/react': 19.2.14

  '@types/react@19.2.14':
    dependencies:
      csstype: 3.2.3

  '@types/ws@8.18.1':
    dependencies:
      '@types/node': 25.5.0

  agent-base@8.0.0: {}

  bin-links@6.0.0:
    dependencies:
      cmd-shim: 8.0.0
      npm-normalize-package-bin: 5.0.0
      proc-log: 6.1.0
      read-cmd-shim: 6.0.0
      write-file-atomic: 7.0.1

  busboy@1.6.0:
    dependencies:
      streamsearch: 1.1.0

  caniuse-lite@1.0.30001782: {}

  chownr@3.0.0: {}

  client-only@0.0.1: {}

  cmd-shim@8.0.0: {}

  csstype@3.2.3: {}

  data-uri-to-buffer@4.0.1: {}

  debug@4.4.3:
    dependencies:
      ms: 2.1.3

  fetch-blob@3.2.0:
    dependencies:
      node-domexception: 1.0.0
      web-streams-polyfill: 3.3.3

  formdata-polyfill@4.0.10:
    dependencies:
      fetch-blob: 3.2.0

  glob-to-regexp@0.4.1: {}

  graceful-fs@4.2.11: {}

  https-proxy-agent@8.0.0:
    dependencies:
      agent-base: 8.0.0
      debug: 4.4.3
    transitivePeerDependencies:
      - supports-color

  iceberg-js@0.8.1: {}

  js-tokens@4.0.0: {}

  loose-envify@1.4.0:
    dependencies:
      js-tokens: 4.0.0

  minipass@7.1.3: {}

  minizlib@3.1.0:
    dependencies:
      minipass: 7.1.3

  ms@2.1.3: {}

  nanoid@3.3.11: {}

  next@13.5.11(react-dom@18.3.1(react@18.3.1))(react@18.3.1):
    dependencies:
      '@next/env': 13.5.11
      '@swc/helpers': 0.5.2
      busboy: 1.6.0
      caniuse-lite: 1.0.30001782
      postcss: 8.4.31
      react: 18.3.1
      react-dom: 18.3.1(react@18.3.1)
      styled-jsx: 5.1.1(react@18.3.1)
      watchpack: 2.4.0
    optionalDependencies:
      '@next/swc-darwin-arm64': 13.5.9
      '@next/swc-darwin-x64': 13.5.9
      '@next/swc-linux-arm64-gnu': 13.5.9
      '@next/swc-linux-arm64-musl': 13.5.9
      '@next/swc-linux-x64-gnu': 13.5.9
      '@next/swc-linux-x64-musl': 13.5.9
      '@next/swc-win32-arm64-msvc': 13.5.9
      '@next/swc-win32-ia32-msvc': 13.5.9
      '@next/swc-win32-x64-msvc': 13.5.9
    transitivePeerDependencies:
      - '@babel/core'
      - babel-plugin-macros

  node-domexception@1.0.0: {}

  node-fetch@3.3.2:
    dependencies:
      data-uri-to-buffer: 4.0.1
      fetch-blob: 3.2.0
      formdata-polyfill: 4.0.10

  npm-normalize-package-bin@5.0.0: {}

  picocolors@1.1.1: {}

  postcss@8.4.31:
    dependencies:
      nanoid: 3.3.11
      picocolors: 1.1.1
      source-map-js: 1.2.1

  proc-log@6.1.0: {}

  react-dom@18.3.1(react@18.3.1):
    dependencies:
      loose-envify: 1.4.0
      react: 18.3.1
      scheduler: 0.23.2

  react@18.3.1:
    dependencies:
      loose-envify: 1.4.0

  read-cmd-shim@6.0.0: {}

  scheduler@0.23.2:
    dependencies:
      loose-envify: 1.4.0

  signal-exit@4.1.0: {}

  source-map-js@1.2.1: {}

  streamsearch@1.1.0: {}

  styled-jsx@5.1.1(react@18.3.1):
    dependencies:
      client-only: 0.0.1
      react: 18.3.1

  supabase@2.84.5:
    dependencies:
      bin-links: 6.0.0
      https-proxy-agent: 8.0.0
      node-fetch: 3.3.2
      tar: 7.5.13
    transitivePeerDependencies:
      - supports-color

  tar@7.5.13:
    dependencies:
      '@isaacs/fs-minipass': 4.0.1
      chownr: 3.0.0
      minipass: 7.1.3
      minizlib: 3.1.0
      yallist: 5.0.0

  tslib@2.8.1: {}

  undici-types@7.18.2: {}

  watchpack@2.4.0:
    dependencies:
      glob-to-regexp: 0.4.1
      graceful-fs: 4.2.11

  web-streams-polyfill@3.3.3: {}

  write-file-atomic@7.0.1:
    dependencies:
      signal-exit: 4.1.0

  ws@8.20.0: {}

  yallist@5.0.0: {}
